
Microsoft Visual Studio Solution File, Format Version 12.00
# Visual Studio 15
VisualStudioVersion = 15.0.28010.2041
MinimumVisualStudioVersion = 10.0.40219.1
Project("{FAE04EC0-301F-11D3-BF4B-00C04F79EFBC}") = "BinarySearch", "BinarySearch\BinarySearch.csproj", "{D18D93F2-61CC-496D-BC28-181128D835B8}"
EndProject
Project("{FAE04EC0-301F-11D3-BF4B-00C04F79EFBC}") = "Tests", "Tests\Tests.csproj", "{9A5331EC-05D2-4517-AE15-E0508EC55908}"
EndProject
Global
	GlobalSection(SolutionConfigurationPlatforms) = preSolution
		Debug|Any CPU = Debug|Any CPU
		Release|Any CPU = Release|Any CPU
	EndGlobalSection
	GlobalSection(ProjectConfigurationPlatforms) = postSolution
		{D18D93F2-61CC-496D-BC28-181128D835B8}.Debug|Any CPU.ActiveCfg = Debug|Any CPU
		{D18D93F2-61CC-496D-BC28-181128D835B8}.Debug|Any CPU.Build.0 = Debug|Any CPU
		{D18D93F2-61CC-496D-BC28-181128D835B8}.Release|Any CPU.ActiveCfg = Release|Any CPU
		{D18D93F2-61CC-496D-BC28-181128D835B8}.Release|Any CPU.Build.0 = Release|Any CPU
		{9A5331EC-05D2-4517-AE15-E0508EC55908}.Debug|Any CPU.ActiveCfg = Debug|Any CPU
		{9A5331EC-05D2-4517-AE15-E0508EC55908}.Debug|Any CPU.Build.0 = Debug|Any CPU
		{9A5331EC-05D2-4517-AE15-E0508EC55908}.Release|Any CPU.ActiveCfg = Release|Any CPU
		{9A5331EC-05D2-4517-AE15-E0508EC55908}.Release|Any CPU.Build.0 = Release|Any CPU
	EndGlobalSection
	GlobalSection(SolutionProperties) = preSolution
		HideSolutionNode = FALSE
	EndGlobalSection
	GlobalSection(ExtensibilityGlobals) = postSolution
		SolutionGuid = {72A65C07-E246-44C1-ACCB-C10C38508A08}
	EndGlobalSection
EndGlobal
